
Microsoft Visual Studio Solution File, Format Version 12.00
# Visual Studio Version 17
VisualStudioVersion = 17.6.33829.357
MinimumVisualStudioVersion = 10.0.40219.1
Project("{FAE04EC0-301F-11D3-BF4B-00C04F79EFBC}") = "MBSBE", "MBSBE\MBSBE.csproj", "{99E9E564-FE54-4C90-A555-BB41EF4EC56C}"
EndProject
Global
	GlobalSection(SolutionConfigurationPlatforms) = preSolution
		Debug|Any CPU = Debug|Any CPU
		Release|Any CPU = Release|Any CPU
	EndGlobalSection
	GlobalSection(ProjectConfigurationPlatforms) = postSolution
		{99E9E564-FE54-4C90-A555-BB41EF4EC56C}.Debug|Any CPU.ActiveCfg = Debug|Any CPU
		{99E9E564-FE54-4C90-A555-BB41EF4EC56C}.Debug|Any CPU.Build.0 = Debug|Any CPU
		{99E9E564-FE54-4C90-A555-BB41EF4EC56C}.Release|Any CPU.ActiveCfg = Release|Any CPU
		{99E9E564-FE54-4C90-A555-BB41EF4EC56C}.Release|Any CPU.Build.0 = Release|Any CPU
	EndGlobalSection
	GlobalSection(SolutionProperties) = preSolution
		HideSolutionNode = FALSE
	EndGlobalSection
	GlobalSection(ExtensibilityGlobals) = postSolution
		SolutionGuid = {F828A0F2-A5CC-4321-866E-BF5839AE90E4}
	EndGlobalSection
EndGlobal
